
Microsoft Visual Studio Solution File, Format Version 12.00
# Visual Studio Version 17
VisualStudioVersion = 17.7.34018.315
MinimumVisualStudioVersion = 10.0.40219.1
Project("{FAE04EC0-301F-11D3-BF4B-00C04F79EFBC}") = "Projeto_Integrador_II_B_2023", "Projeto_Integrador_II_B_2023.csproj", "{5E955D50-EA52-48C7-832C-559D4F234EA1}"
EndProject
Global
	GlobalSection(SolutionConfigurationPlatforms) = preSolution
		Debug|Any CPU = Debug|Any CPU
		Release|Any CPU = Release|Any CPU
	EndGlobalSection
	GlobalSection(ProjectConfigurationPlatforms) = postSolution
		{5E955D50-EA52-48C7-832C-559D4F234EA1}.Debug|Any CPU.ActiveCfg = Debug|Any CPU
		{5E955D50-EA52-48C7-832C-559D4F234EA1}.Debug|Any CPU.Build.0 = Debug|Any CPU
		{5E955D50-EA52-48C7-832C-559D4F234EA1}.Release|Any CPU.ActiveCfg = Release|Any CPU
		{5E955D50-EA52-48C7-832C-559D4F234EA1}.Release|Any CPU.Build.0 = Release|Any CPU
	EndGlobalSection
	GlobalSection(SolutionProperties) = preSolution
		HideSolutionNode = FALSE
	EndGlobalSection
	GlobalSection(ExtensibilityGlobals) = postSolution
		SolutionGuid = {AF794E47-41A7-4A4B-B7EC-832855EBE655}
	EndGlobalSection
EndGlobal
